// !$*UTF8*$!
{
	archiveVersion = 1;
	classes = {
	};
	objectVersion = 48;
	objects = {

/* Begin PBXBuildFile section */
		0887492E1FC96894000E2BEE /* AppDelegate.swift in Sources */ = {isa = PBXBuildFile; fileRef = 0887492D1FC96894000E2BEE /* AppDelegate.swift */; };
		088749301FC96894000E2BEE /* ViewController.swift in Sources */ = {isa = PBXBuildFile; fileRef = 0887492F1FC96894000E2BEE /* ViewController.swift */; };
		088749331FC96894000E2BEE /* Main.storyboard in Resources */ = {isa = PBXBuildFile; fileRef = 088749311FC96894000E2BEE /* Main.storyboard */; };
		088749351FC96894000E2BEE /* Assets.xcassets in Resources */ = {isa = PBXBuildFile; fileRef = 088749341FC96894000E2BEE /* Assets.xcassets */; };
		088749381FC96894000E2BEE /* LaunchScreen.storyboard in Resources */ = {isa = PBXBuildFile; fileRef = 088749361FC96894000E2BEE /* LaunchScreen.storyboard */; };
		94B86D0C0B85BF87E94E3E14 /* Pods_junction2017.framework in Frameworks */ = {isa = PBXBuildFile; fileRef = 60D359D876BB82B7F1DD436E /* Pods_junction2017.framework */; };
/* End PBXBuildFile section */

/* Begin PBXFileReference section */
		0887492A1FC96894000E2BEE /* junction2017.app */ = {isa = PBXFileReference; explicitFileType = wrapper.application; includeInIndex = 0; path = junction2017.app; sourceTree = BUILT_PRODUCTS_DIR; };
		0887492D1FC96894000E2BEE /* AppDelegate.swift */ = {isa = PBXFileReference; lastKnownFileType = sourcecode.swift; path = AppDelegate.swift; sourceTree = "<group>"; };
		0887492F1FC96894000E2BEE /* ViewController.swift */ = {isa = PBXFileReference; lastKnownFileType = sourcecode.swift; path = ViewController.swift; sourceTree = "<group>"; };
		088749321FC96894000E2BEE /* Base */ = {isa = PBXFileReference; lastKnownFileType = file.storyboard; name = Base; path = Base.lproj/Main.storyboard; sourceTree = "<group>"; };
		088749341FC96894000E2BEE /* Assets.xcassets */ = {isa = PBXFileReference; lastKnownFileType = folder.assetcatalog; path = Assets.xcassets; sourceTree = "<group>"; };
		088749371FC96894000E2BEE /* Base */ = {isa = PBXFileReference; lastKnownFileType = file.storyboard; name = Base; path = Base.lproj/LaunchScreen.storyboard; sourceTree = "<group>"; };
		088749391FC96894000E2BEE /* Info.plist */ = {isa = PBXFileReference; lastKnownFileType = text.plist.xml; path = Info.plist; sourceTree = "<group>"; };
		34197454F2D47E3D06B656D3 /* Pods-junction2017.debug.xcconfig */ = {isa = PBXFileReference; includeInIndex = 1; lastKnownFileType = text.xcconfig; name = "Pods-junction2017.debug.xcconfig"; path = "Pods/Target Support Files/Pods-junction2017/Pods-junction2017.debug.xcconfig"; sourceTree = "<group>"; };
		60D359D876BB82B7F1DD436E /* Pods_junction2017.framework */ = {isa = PBXFileReference; explicitFileType = wrapper.framework; includeInIndex = 0; path = Pods_junction2017.framework; sourceTree = BUILT_PRODUCTS_DIR; };
		8784993D4C113572D956F813 /* Pods-junction2017.release.xcconfig */ = {isa = PBXFileReference; includeInIndex = 1; lastKnownFileType = text.xcconfig; name = "Pods-junction2017.release.xcconfig"; path = "Pods/Target Support Files/Pods-junction2017/Pods-junction2017.release.xcconfig"; sourceTree = "<group>"; };
/* End PBXFileReference section */

/* Begin PBXFrameworksBuildPhase section */
		088749271FC96894000E2BEE /* Frameworks */ = {
			isa = PBXFrameworksBuildPhase;
			buildActionMask = 2147483647;
			files = (
				94B86D0C0B85BF87E94E3E14 /* Pods_junction2017.framework in Frameworks */,
			);
			runOnlyForDeploymentPostprocessing = 0;
		};
/* End PBXFrameworksBuildPhase section */

/* Begin PBXGroup section */
		088749211FC96894000E2BEE = {
			isa = PBXGroup;
			children = (
				0887492C1FC96894000E2BEE /* junction2017 */,
				0887492B1FC96894000E2BEE /* Products */,
				C472CBDED7B15745401875EF /* Pods */,
				7EB40F8A08A78DFF3B0F2028 /* Frameworks */,
			);
			sourceTree = "<group>";
		};
		0887492B1FC96894000E2BEE /* Products */ = {
			isa = PBXGroup;
			children = (
				0887492A1FC96894000E2BEE /* junction2017.app */,
			);
			name = Products;
			sourceTree = "<group>";
		};
		0887492C1FC96894000E2BEE /* junction2017 */ = {
			isa = PBXGroup;
			children = (
				0887492D1FC96894000E2BEE /* AppDelegate.swift */,
				0887492F1FC96894000E2BEE /* ViewController.swift */,
				088749311FC96894000E2BEE /* Main.storyboard */,
				088749341FC96894000E2BEE /* Assets.xcassets */,
				088749361FC96894000E2BEE /* LaunchScreen.storyboard */,
				088749391FC96894000E2BEE /* Info.plist */,
			);
			path = junction2017;
			sourceTree = "<group>";
		};
		7EB40F8A08A78DFF3B0F2028 /* Frameworks */ = {
			isa = PBXGroup;
			children = (
				60D359D876BB82B7F1DD436E /* Pods_junction2017.framework */,
			);
			name = Frameworks;
			sourceTree = "<group>";
		};
		C472CBDED7B15745401875EF /* Pods */ = {
			isa = PBXGroup;
			children = (
				34197454F2D47E3D06B656D3 /* Pods-junction2017.debug.xcconfig */,
				8784993D4C113572D956F813 /* Pods-junction2017.release.xcconfig */,
			);
			name = Pods;
			sourceTree = "<group>";
		};
/* End PBXGroup section */

/* Begin PBXNativeTarget section */
		088749291FC96894000E2BEE /* junction2017 */ = {
			isa = PBXNativeTarget;
			buildConfigurationList = 0887493C1FC96894000E2BEE /* Build configuration list for PBXNativeTarget "junction2017" */;
			buildPhases = (
				F15A063C1C4C3ED60184C574 /* [CP] Check Pods Manifest.lock */,
				088749261FC96894000E2BEE /* Sources */,
				088749271FC96894000E2BEE /* Frameworks */,
				088749281FC96894000E2BEE /* Resources */,
				694FDF0D159E12ACCECFA9B8 /* [CP] Embed Pods Frameworks */,
				CBCA7C9D8EBB8A8EEA614FB7 /* [CP] Copy Pods Resources */,
			);
			buildRules = (
			);
			dependencies = (
			);
			name = junction2017;
			productName = junction2017;
			productReference = 0887492A1FC96894000E2BEE /* junction2017.app */;
			productType = "com.apple.product-type.application";
		};
/* End PBXNativeTarget section */

/* Begin PBXProject section */
		088749221FC96894000E2BEE /* Project object */ = {
			isa = PBXProject;
			attributes = {
				LastSwiftUpdateCheck = 0910;
				LastUpgradeCheck = 0910;
				ORGANIZATIONNAME = Ostrenkiy;
				TargetAttributes = {
					088749291FC96894000E2BEE = {
						CreatedOnToolsVersion = 9.1;
						ProvisioningStyle = Automatic;
					};
				};
			};
			buildConfigurationList = 088749251FC96894000E2BEE /* Build configuration list for PBXProject "junction2017" */;
			compatibilityVersion = "Xcode 8.0";
			developmentRegion = en;
			hasScannedForEncodings = 0;
			knownRegions = (
				en,
				Base,
			);
			mainGroup = 088749211FC96894000E2BEE;
			productRefGroup = 0887492B1FC96894000E2BEE /* Products */;
			projectDirPath = "";
			projectRoot = "";
			targets = (
				088749291FC96894000E2BEE /* junction2017 */,
			);
		};
/* End PBXProject section */

/* Begin PBXResourcesBuildPhase section */
		088749281FC96894000E2BEE /* Resources */ = {
			isa = PBXResourcesBuildPhase;
			buildActionMask = 2147483647;
			files = (
				088749381FC96894000E2BEE /* LaunchScreen.storyboard in Resources */,
				088749351FC96894000E2BEE /* Assets.xcassets in Resources */,
				088749331FC96894000E2BEE /* Main.storyboard in Resources */,
			);
			runOnlyForDeploymentPostprocessing = 0;
		};
/* End PBXResourcesBuildPhase section */

/* Begin PBXShellScriptBuildPhase section */
		694FDF0D159E12ACCECFA9B8 /* [CP] Embed Pods Frameworks */ = {
			isa = PBXShellScriptBuildPhase;
			buildActionMask = 2147483647;
			files = (
			);
			inputPaths = (
			);
			name = "[CP] Embed Pods Frameworks";
			outputPaths = (
			);
			runOnlyForDeploymentPostprocessing = 0;
			shellPath = /bin/sh;
			shellScript = "\"${SRCROOT}/Pods/Target Support Files/Pods-junction2017/Pods-junction2017-frameworks.sh\"\n";
			showEnvVarsInLog = 0;
		};
		CBCA7C9D8EBB8A8EEA614FB7 /* [CP] Copy Pods Resources */ = {
			isa = PBXShellScriptBuildPhase;
			buildActionMask = 2147483647;
			files = (
			);
			inputPaths = (
			);
			name = "[CP] Copy Pods Resources";
			outputPaths = (
			);
			runOnlyForDeploymentPostprocessing = 0;
			shellPath = /bin/sh;
			shellScript = "\"${SRCROOT}/Pods/Target Support Files/Pods-junction2017/Pods-junction2017-resources.sh\"\n";
			showEnvVarsInLog = 0;
		};
		F15A063C1C4C3ED60184C574 /* [CP] Check Pods Manifest.lock */ = {
			isa = PBXShellScriptBuildPhase;
			buildActionMask = 2147483647;
			files = (
			);
			inputPaths = (
				"${PODS_PODFILE_DIR_PATH}/Podfile.lock",
				"${PODS_ROOT}/Manifest.lock",
			);
			name = "[CP] Check Pods Manifest.lock";
			outputPaths = (
				"$(DERIVED_FILE_DIR)/Pods-junction2017-checkManifestLockResult.txt",
			);
			runOnlyForDeploymentPostprocessing = 0;
			shellPath = /bin/sh;
			shellScript = "diff \"${PODS_PODFILE_DIR_PATH}/Podfile.lock\" \"${PODS_ROOT}/Manifest.lock\" > /dev/null\nif [ $? != 0 ] ; then\n    # print error to STDERR\n    echo \"error: The sandbox is not in sync with the Podfile.lock. Run 'pod install' or update your CocoaPods installation.\" >&2\n    exit 1\nfi\n# This output is used by Xcode 'outputs' to avoid re-running this script phase.\necho \"SUCCESS\" > \"${SCRIPT_OUTPUT_FILE_0}\"\n";
			showEnvVarsInLog = 0;
		};
/* End PBXShellScriptBuildPhase section */

/* Begin PBXSourcesBuildPhase section */
		088749261FC96894000E2BEE /* Sources */ = {
			isa = PBXSourcesBuildPhase;
			buildActionMask = 2147483647;
			files = (
				088749301FC96894000E2BEE /* ViewController.swift in Sources */,
				0887492E1FC96894000E2BEE /* AppDelegate.swift in Sources */,
			);
			runOnlyForDeploymentPostprocessing = 0;
		};
/* End PBXSourcesBuildPhase section */

/* Begin PBXVariantGroup section */
		088749311FC96894000E2BEE /* Main.storyboard */ = {
			isa = PBXVariantGroup;
			children = (
				088749321FC96894000E2BEE /* Base */,
			);
			name = Main.storyboard;
			sourceTree = "<group>";
		};
		088749361FC96894000E2BEE /* LaunchScreen.storyboard */ = {
			isa = PBXVariantGroup;
			children = (
				088749371FC96894000E2BEE /* Base */,
			);
			name = LaunchScreen.storyboard;
			sourceTree = "<group>";
		};
/* End PBXVariantGroup section */

/* Begin XCBuildConfiguration section */
		0887493A1FC96894000E2BEE /* Debug */ = {
			isa = XCBuildConfiguration;
			buildSettings = {
				ALWAYS_SEARCH_USER_PATHS = NO;
				CLANG_ANALYZER_NONNULL = YES;
				CLANG_ANALYZER_NUMBER_OBJECT_CONVERSION = YES_AGGRESSIVE;
				CLANG_CXX_LANGUAGE_STANDARD = "gnu++14";
				CLANG_CXX_LIBRARY = "libc++";
				CLANG_ENABLE_MODULES = YES;
				CLANG_ENABLE_OBJC_ARC = YES;
				CLANG_WARN_BLOCK_CAPTURE_AUTORELEASING = YES;
				CLANG_WARN_BOOL_CONVERSION = YES;
				CLANG_WARN_COMMA = YES;
				CLANG_WARN_CONSTANT_CONVERSION = YES;
				CLANG_WARN_DIRECT_OBJC_ISA_USAGE = YES_ERROR;
				CLANG_WARN_DOCUMENTATION_COMMENTS = YES;
				CLANG_WARN_EMPTY_BODY = YES;
				CLANG_WARN_ENUM_CONVERSION = YES;
				CLANG_WARN_INFINITE_RECURSION = YES;
				CLANG_WARN_INT_CONVERSION = YES;
				CLANG_WARN_NON_LITERAL_NULL_CONVERSION = YES;
				CLANG_WARN_OBJC_LITERAL_CONVERSION = YES;
				CLANG_WARN_OBJC_ROOT_CLASS = YES_ERROR;
				CLANG_WARN_RANGE_LOOP_ANALYSIS = YES;
				CLANG_WARN_STRICT_PROTOTYPES = YES;
				CLANG_WARN_SUSPICIOUS_MOVE = YES;
				CLANG_WARN_UNGUARDED_AVAILABILITY = YES_AGGRESSIVE;
				CLANG_WARN_UNREACHABLE_CODE = YES;
				CLANG_WARN__DUPLICATE_METHOD_MATCH = YES;
				CODE_SIGN_IDENTITY = "iPhone Developer";
				COPY_PHASE_STRIP = NO;
				DEBUG_INFORMATION_FORMAT = dwarf;
				ENABLE_STRICT_OBJC_MSGSEND = YES;
				ENABLE_TESTABILITY = YES;
				GCC_C_LANGUAGE_STANDARD = gnu11;
				GCC_DYNAMIC_NO_PIC = NO;
				GCC_NO_COMMON_BLOCKS = YES;
				GCC_OPTIMIZATION_LEVEL = 0;
				GCC_PREPROCESSOR_DEFINITIONS = (
					"DEBUG=1",
					"$(inherited)",
				);
				GCC_WARN_64_TO_32_BIT_CONVERSION = YES;
				GCC_WARN_ABOUT_RETURN_TYPE = YES_ERROR;
				GCC_WARN_UNDECLARED_SELECTOR = YES;
				GCC_WARN_UNINITIALIZED_AUTOS = YES_AGGRESSIVE;
				GCC_WARN_UNUSED_FUNCTION = YES;
				GCC_WARN_UNUSED_VARIABLE = YES;
				IPHONEOS_DEPLOYMENT_TARGET = 11.1;
				MTL_ENABLE_DEBUG_INFO = YES;
				ONLY_ACTIVE_ARCH = YES;
				SDKROOT = iphoneos;
				SWIFT_ACTIVE_COMPILATION_CONDITIONS = DEBUG;
				SWIFT_OPTIMIZATION_LEVEL = "-Onone";
			};
			name = Debug;
		};
		0887493B1FC96894000E2BEE /* Release */ = {
			isa = XCBuildConfiguration;
			buildSettings = {
				ALWAYS_SEARCH_USER_PATHS = NO;
				CLANG_ANALYZER_NONNULL = YES;
				CLANG_ANALYZER_NUMBER_OBJECT_CONVERSION = YES_AGGRESSIVE;
				CLANG_CXX_LANGUAGE_STANDARD = "gnu++14";
				CLANG_CXX_LIBRARY = "libc++";
				CLANG_ENABLE_MODULES = YES;
				CLANG_ENABLE_OBJC_ARC = YES;
				CLANG_WARN_BLOCK_CAPTURE_AUTORELEASING = YES;
				CLANG_WARN_BOOL_CONVERSION = YES;
				CLANG_WARN_COMMA = YES;
				CLANG_WARN_CONSTANT_CONVERSION = YES;
				CLANG_WARN_DIRECT_OBJC_ISA_USAGE = YES_ERROR;
				CLANG_WARN_DOCUMENTATION_COMMENTS = YES;
				CLANG_WARN_EMPTY_BODY = YES;
				CLANG_WARN_ENUM_CONVERSION = YES;
				CLANG_WARN_INFINITE_RECURSION = YES;
				CLANG_WARN_INT_CONVERSION = YES;
				CLANG_WARN_NON_LITERAL_NULL_CONVERSION = YES;
				CLANG_WARN_OBJC_LITERAL_CONVERSION = YES;
				CLANG_WARN_OBJC_ROOT_CLASS = YES_ERROR;
				CLANG_WARN_RANGE_LOOP_ANALYSIS = YES;
				CLANG_WARN_STRICT_PROTOTYPES = YES;
				CLANG_WARN_SUSPICIOUS_MOVE = YES;
				CLANG_WARN_UNGUARDED_AVAILABILITY = YES_AGGRESSIVE;
				CLANG_WARN_UNREACHABLE_CODE = YES;
				CLANG_WARN__DUPLICATE_METHOD_MATCH = YES;
				CODE_SIGN_IDENTITY = "iPhone Developer";
				COPY_PHASE_STRIP = NO;
				DEBUG_INFORMATION_FORMAT = "dwarf-with-dsym";
				ENABLE_NS_ASSERTIONS = NO;
				ENABLE_STRICT_OBJC_MSGSEND = YES;
				GCC_C_LANGUAGE_STANDARD = gnu11;
				GCC_NO_COMMON_BLOCKS = YES;
				GCC_WARN_64_TO_32_BIT_CONVERSION = YES;
				GCC_WARN_ABOUT_RETURN_TYPE = YES_ERROR;
				GCC_WARN_UNDECLARED_SELECTOR = YES;
				GCC_WARN_UNINITIALIZED_AUTOS = YES_AGGRESSIVE;
				GCC_WARN_UNUSED_FUNCTION = YES;
				GCC_WARN_UNUSED_VARIABLE = YES;
				IPHONEOS_DEPLOYMENT_TARGET = 11.1;
				MTL_ENABLE_DEBUG_INFO = NO;
				SDKROOT = iphoneos;
				SWIFT_OPTIMIZATION_LEVEL = "-Owholemodule";
				VALIDATE_PRODUCT = YES;
			};
			name = Release;
		};
		0887493D1FC96894000E2BEE /* Debug */ = {
			isa = XCBuildConfiguration;
			baseConfigurationReference = 34197454F2D47E3D06B656D3 /* Pods-junction2017.debug.xcconfig */;
			buildSettings = {
				ASSETCATALOG_COMPILER_APPICON_NAME = AppIcon;
				CODE_SIGN_STYLE = Automatic;
				DEVELOPMENT_TEAM = 8UCNQ4GFK3;
				INFOPLIST_FILE = junction2017/Info.plist;
				LD_RUNPATH_SEARCH_PATHS = "$(inherited) @executable_path/Frameworks";
				PRODUCT_BUNDLE_IDENTIFIER = me.ostrenkiy.junction2017;
				PRODUCT_NAME = "$(TARGET_NAME)";
				SWIFT_VERSION = 4.0;
				TARGETED_DEVICE_FAMILY = "1,2";
			};
			name = Debug;
		};
		0887493E1FC96894000E2BEE /* Release */ = {
			isa = XCBuildConfiguration;
			baseConfigurationReference = 8784993D4C113572D956F813 /* Pods-junction2017.release.xcconfig */;
			buildSettings = {
				ASSETCATALOG_COMPILER_APPICON_NAME = AppIcon;
				CODE_SIGN_STYLE = Automatic;
				DEVELOPMENT_TEAM = 8UCNQ4GFK3;
				INFOPLIST_FILE = junction2017/Info.plist;
				LD_RUNPATH_SEARCH_PATHS = "$(inherited) @executable_path/Frameworks";
				PRODUCT_BUNDLE_IDENTIFIER = me.ostrenkiy.junction2017;
				PRODUCT_NAME = "$(TARGET_NAME)";
				SWIFT_VERSION = 4.0;
				TARGETED_DEVICE_FAMILY = "1,2";
			};
			name = Release;
		};
/* End XCBuildConfiguration section */

/* Begin XCConfigurationList section */
		088749251FC96894000E2BEE /* Build configuration list for PBXProject "junction2017" */ = {
			isa = XCConfigurationList;
			buildConfigurations = (
				0887493A1FC96894000E2BEE /* Debug */,
				0887493B1FC96894000E2BEE /* Release */,
			);
			defaultConfigurationIsVisible = 0;
			defaultConfigurationName = Release;
		};
		0887493C1FC96894000E2BEE /* Build configuration list for PBXNativeTarget "junction2017" */ = {
			isa = XCConfigurationList;
			buildConfigurations = (
				0887493D1FC96894000E2BEE /* Debug */,
				0887493E1FC96894000E2BEE /* Release */,
			);
			defaultConfigurationIsVisible = 0;
			defaultConfigurationName = Release;
		};
/* End XCConfigurationList section */
	};
	rootObject = 088749221FC96894000E2BEE /* Project object */;
}
